{
    "_readme": [
        "This file locks the dependencies of your project to a known state",
        "Read more about it at https://getcomposer.org/doc/01-basic-usage.md#composer-lock-the-lock-file",
        "This file is @generated automatically"
    ],
    "hash": "25ef1fa7488f5fc3364e7760b6571938",
    "content-hash": "842f3aa2612d6f0cddd9967e12308d5c",
    "packages": [
        {
            "name": "klan1/k1.lib",
            "version": "0.8.x-dev",
            "source": {
                "type": "git",
                "url": "https://github.com/klan1/k1.lib.git",
                "reference": "909b26171a1071c0728dccc8465b9d0ec98b1ba8"
            },
            "dist": {
                "type": "zip",
                "url": "https://api.github.com/repos/klan1/k1.lib/zipball/909b26171a1071c0728dccc8465b9d0ec98b1ba8",
                "reference": "909b26171a1071c0728dccc8465b9d0ec98b1ba8",
                "shasum": ""
            },
            "require": {
                "php": "^5.6 | ^7.0"
            },
            "type": "library",
            "autoload": {
                "files": [
                    "src/init.php"
                ]
            },
            "notification-url": "https://packagist.org/downloads/",
            "license": [
                "Apache-2.0"
            ],
            "authors": [
                {
                    "name": "Klan1 Network",
                    "homepage": "https://klan1.com/ref=k1.lib"
                }
            ],
            "description": "Classes and functions for comercial software development",
            "homepage": "https://github.com/klan1/k1.lib",
            "time": "2016-09-20 13:38:15"
        },
        {
            "name": "klan1/k1.lib-dom",
            "version": "dev-master",
            "source": {
                "type": "git",
                "url": "https://github.com/klan1/k1.lib-dom.git",
                "reference": "0239875237bc0eb2548f244a0b1358f01be417a8"
            },
            "dist": {
                "type": "zip",
                "url": "https://api.github.com/repos/klan1/k1.lib-dom/zipball/0239875237bc0eb2548f244a0b1358f01be417a8",
                "reference": "0239875237bc0eb2548f244a0b1358f01be417a8",
                "shasum": ""
            },
            "require": {
                "php": "^5.6 | ^7.0"
            },
            "type": "library",
            "autoload": {
                "files": [
                    "src/init.php"
                ]
            },
            "notification-url": "https://packagist.org/downloads/",
            "license": [
                "Apache-2.0"
            ],
            "authors": [
                {
                    "name": "Klan1 Network",
                    "homepage": "https://klan1.com/ref=k1.lib"
                },
                {
                    "name": "Alejandro Trujillo J.",
                    "homepage": "https://klan1.com/ref=k1.lib"
                }
            ],
            "description": "DOM Classes from K1.lib.",
            "homepage": "https://github.com/klan1/k1.lib-dom",
            "time": "2016-09-20 19:24:17"
        },
        {
            "name": "zurb/foundation",
            "version": "6.2.1",
            "source": {
                "type": "git",
                "url": "https://github.com/zurb/foundation-sites.git",
                "reference": "7a6ed604689635ddda430ae46a100d30c415959b"
            },
            "dist": {
                "type": "zip",
                "url": "https://api.github.com/repos/zurb/foundation-sites/zipball/7a6ed604689635ddda430ae46a100d30c415959b",
                "reference": "7a6ed604689635ddda430ae46a100d30c415959b",
                "shasum": ""
            },
            "type": "library",
            "notification-url": "https://packagist.org/downloads/",
            "license": [
                "MIT"
            ],
            "authors": [
                {
                    "name": "ZURB, Inc.",
                    "email": "foundation@zurb.com",
                    "homepage": "http://zurb.com"
                }
            ],
            "description": "The most advanced responsive front-end framework in the world.",
            "homepage": "http://foundation.zurb.com",
            "keywords": [
                "JS",
                "css",
                "framework",
                "mobile-first",
                "responsive",
                "sass",
                "scss"
            ],
            "time": "2016-04-08 18:15:06"
        }
    ],
    "packages-dev": [],
    "aliases": [],
    "minimum-stability": "stable",
    "stability-flags": {
        "klan1/k1.lib": 20,
        "klan1/k1.lib-dom": 20
    },
    "prefer-stable": false,
    "prefer-lowest": false,
    "platform": {
        "php": "^5.6 | ^7.0"
    },
    "platform-dev": []
}
