{
    "_readme": [
        "This file locks the dependencies of your project to a known state",
        "Read more about it at https://getcomposer.org/doc/01-basic-usage.md#composer-lock-the-lock-file",
        "This file is @generated automatically"
    ],
    "hash": "bd9f7b9688fd7126771a8cc59a2d3add",
    "content-hash": "281051ba5d417dad23538eea08c32617",
    "packages": [
        {
            "name": "klan1/k1.lib",
            "version": "0.8.x-dev",
            "source": {
                "type": "git",
                "url": "https://github.com/klan1/k1.lib.git",
                "reference": "9ce7932ee36d9df20c95c38a5474c13197ff638d"
            },
            "dist": {
                "type": "zip",
                "url": "https://api.github.com/repos/klan1/k1.lib/zipball/9ce7932ee36d9df20c95c38a5474c13197ff638d",
                "reference": "9ce7932ee36d9df20c95c38a5474c13197ff638d",
                "shasum": ""
            },
            "require": {
                "php": "^5.6 | ^7.0"
            },
            "type": "library",
            "autoload": {
                "files": [
                    "src/init.php"
                ]
            },
            "notification-url": "https://packagist.org/downloads/",
            "license": [
                "Apache-2.0"
            ],
            "authors": [
                {
                    "name": "Klan1 Network",
                    "homepage": "https://klan1.com/ref=k1.lib"
                },
                {
                    "name": "Alejandro Trujillo J.",
                    "homepage": "https://klan1.com/ref=k1.lib"
                }
            ],
            "description": "Classes and functions for comercial software development",
            "homepage": "https://github.com/klan1/k1.lib",
            "time": "2016-09-20 21:26:06"
        },
        {
            "name": "klan1/k1.lib-dom",
            "version": "dev-master",
            "source": {
                "type": "git",
                "url": "https://github.com/klan1/k1.lib-dom.git",
                "reference": "08a859c6b354de7974f73ffee00b85fabb5ef3f6"
            },
            "dist": {
                "type": "zip",
                "url": "https://api.github.com/repos/klan1/k1.lib-dom/zipball/08a859c6b354de7974f73ffee00b85fabb5ef3f6",
                "reference": "08a859c6b354de7974f73ffee00b85fabb5ef3f6",
                "shasum": ""
            },
            "require": {
                "php": "^5.6 | ^7.0"
            },
            "type": "library",
            "autoload": {
                "files": [
                    "src/loader.php"
                ]
            },
            "notification-url": "https://packagist.org/downloads/",
            "license": [
                "Apache-2.0"
            ],
            "authors": [
                {
                    "name": "Klan1 Network",
                    "homepage": "https://klan1.com/ref=k1.lib"
                },
                {
                    "name": "Alejandro Trujillo J.",
                    "homepage": "https://klan1.com/ref=k1.lib"
                }
            ],
            "description": "DOM Classes from K1.lib.",
            "homepage": "https://github.com/klan1/k1.lib-dom",
            "time": "2016-09-20 19:53:28"
        },
        {
            "name": "zurb/foundation",
            "version": "6.2.1",
            "source": {
                "type": "git",
                "url": "https://github.com/zurb/foundation-sites.git",
                "reference": "7a6ed604689635ddda430ae46a100d30c415959b"
            },
            "dist": {
                "type": "zip",
                "url": "https://api.github.com/repos/zurb/foundation-sites/zipball/7a6ed604689635ddda430ae46a100d30c415959b",
                "reference": "7a6ed604689635ddda430ae46a100d30c415959b",
                "shasum": ""
            },
            "type": "library",
            "notification-url": "https://packagist.org/downloads/",
            "license": [
                "MIT"
            ],
            "authors": [
                {
                    "name": "ZURB, Inc.",
                    "email": "foundation@zurb.com",
                    "homepage": "http://zurb.com"
                }
            ],
            "description": "The most advanced responsive front-end framework in the world.",
            "homepage": "http://foundation.zurb.com",
            "keywords": [
                "JS",
                "css",
                "framework",
                "mobile-first",
                "responsive",
                "sass",
                "scss"
            ],
            "time": "2016-04-08 18:15:06"
        }
    ],
    "packages-dev": [],
    "aliases": [],
    "minimum-stability": "stable",
    "stability-flags": {
        "klan1/k1.lib": 20,
        "klan1/k1.lib-dom": 20
    },
    "prefer-stable": false,
    "prefer-lowest": false,
    "platform": {
        "php": "^5.6 | ^7.0"
    },
    "platform-dev": []
}
